lockfileVersion: '9.0'

settings:
  autoInstallPeers: true
  excludeLinksFromLockfile: false

importers:

  .:
    dependencies:
      utils-uniapp:
        specifier: ^1.2.15
        version: 1.2.15

packages:

  utils-uniapp@1.2.15:
    resolution: {integrity: sha512-9rpjECZaWx9C+Bsrg4NP9ma4GFnvzKZznwjVm6pxeIUoi9c9QBSB7uSEs5D257YEEcfNyCzho11u0fs+jYeGKA==}

snapshots:

  utils-uniapp@1.2.15: {}
