lockfileVersion: '9.0'

settings:
  autoInstallPeers: true
  excludeLinksFromLockfile: false

importers:

  .:
    dependencies:
      utils-uniapp:
        specifier: ^1.1.21
        version: 1.1.21

packages:

  utils-uniapp@1.1.21:
    resolution: {integrity: sha512-qon2c0INDQodWeIp9b93x8dlOBT1n+4FYlrFlXFfhU90whx6MdMxUWOls50Ez1pcQHuGdQWuwqYHdWvjiXdmUg==}

snapshots:

  utils-uniapp@1.1.21: {}
