lockfileVersion: '9.0'

settings:
  autoInstallPeers: true
  excludeLinksFromLockfile: false

importers:

  .:
    dependencies:
      utils-uniapp:
        specifier: ^1.2.0
        version: 1.2.0

packages:

  utils-uniapp@1.2.0:
    resolution: {integrity: sha512-2GBYFWGrOalTI8TDax1TxrbgudL9w4SKyoEPwzwZ63bJoGdmLYGtYwLDtzhGVOmjvj2sGm7P2itxam8OB+qjUA==}

snapshots:

  utils-uniapp@1.2.0: {}
